
Microsoft Visual Studio Solution File, Format Version 12.00
# Visual Studio Version 16
VisualStudioVersion = 16.0.29709.97
MinimumVisualStudioVersion = 10.0.40219.1
Project("{FAE04EC0-301F-11D3-BF4B-00C04F79EFBC}") = "LockApp.Android", "LockApp\LockApp.Android\LockApp.Android.csproj", "{CAE5BE2B-BD98-45DD-9722-B81735F14AF7}"
EndProject
Project("{FAE04EC0-301F-11D3-BF4B-00C04F79EFBC}") = "LockApp", "LockApp\LockApp\LockApp.csproj", "{50755B06-5877-432F-8D03-2EACDF8A6F4A}"
EndProject
Project("{FAE04EC0-301F-11D3-BF4B-00C04F79EFBC}") = "LockApp.Tests", "LockApp.Tests\LockApp.Tests.csproj", "{025D5AD4-CDD5-4678-B132-3CC52DECD658}"
EndProject
Global
	GlobalSection(SolutionConfigurationPlatforms) = preSolution
		Debug|Any CPU = Debug|Any CPU
		Release|Any CPU = Release|Any CPU
	EndGlobalSection
	GlobalSection(ProjectConfigurationPlatforms) = postSolution
		{CAE5BE2B-BD98-45DD-9722-B81735F14AF7}.Debug|Any CPU.ActiveCfg = Debug|Any CPU
		{CAE5BE2B-BD98-45DD-9722-B81735F14AF7}.Debug|Any CPU.Build.0 = Debug|Any CPU
		{CAE5BE2B-BD98-45DD-9722-B81735F14AF7}.Debug|Any CPU.Deploy.0 = Debug|Any CPU
		{CAE5BE2B-BD98-45DD-9722-B81735F14AF7}.Release|Any CPU.ActiveCfg = Release|Any CPU
		{CAE5BE2B-BD98-45DD-9722-B81735F14AF7}.Release|Any CPU.Build.0 = Release|Any CPU
		{CAE5BE2B-BD98-45DD-9722-B81735F14AF7}.Release|Any CPU.Deploy.0 = Release|Any CPU
		{50755B06-5877-432F-8D03-2EACDF8A6F4A}.Debug|Any CPU.ActiveCfg = Debug|Any CPU
		{50755B06-5877-432F-8D03-2EACDF8A6F4A}.Debug|Any CPU.Build.0 = Debug|Any CPU
		{50755B06-5877-432F-8D03-2EACDF8A6F4A}.Debug|Any CPU.Deploy.0 = Debug|Any CPU
		{50755B06-5877-432F-8D03-2EACDF8A6F4A}.Release|Any CPU.ActiveCfg = Release|Any CPU
		{50755B06-5877-432F-8D03-2EACDF8A6F4A}.Release|Any CPU.Build.0 = Release|Any CPU
		{50755B06-5877-432F-8D03-2EACDF8A6F4A}.Release|Any CPU.Deploy.0 = Release|Any CPU
		{025D5AD4-CDD5-4678-B132-3CC52DECD658}.Debug|Any CPU.ActiveCfg = Debug|Any CPU
		{025D5AD4-CDD5-4678-B132-3CC52DECD658}.Debug|Any CPU.Build.0 = Debug|Any CPU
		{025D5AD4-CDD5-4678-B132-3CC52DECD658}.Release|Any CPU.ActiveCfg = Release|Any CPU
		{025D5AD4-CDD5-4678-B132-3CC52DECD658}.Release|Any CPU.Build.0 = Release|Any CPU
	EndGlobalSection
	GlobalSection(SolutionProperties) = preSolution
		HideSolutionNode = FALSE
	EndGlobalSection
	GlobalSection(ExtensibilityGlobals) = postSolution
		SolutionGuid = {BDD3F037-33D1-43C2-A075-CDA26750CC47}
	EndGlobalSection
EndGlobal
