
Microsoft Visual Studio Solution File, Format Version 12.00
# Visual Studio Version 16
VisualStudioVersion = 16.0.29709.97
MinimumVisualStudioVersion = 10.0.40219.1
Project("{FAE04EC0-301F-11D3-BF4B-00C04F79EFBC}") = "LockApp.Android", "LockApp\LockApp.Android\LockApp.Android.csproj", "{8DDC6E15-4701-4C97-9B20-432A609CF5D7}"
EndProject
Project("{FAE04EC0-301F-11D3-BF4B-00C04F79EFBC}") = "LockApp", "LockApp\LockApp\LockApp.csproj", "{912B8AAF-647E-4007-BCC4-EC0A3FF1C2B9}"
EndProject
Project("{FAE04EC0-301F-11D3-BF4B-00C04F79EFBC}") = "LockApp.Tests", "LockApp.Tests\LockApp.Tests.csproj", "{B7E69B61-1651-4852-AA57-E3D727F91C44}"
EndProject
Global
	GlobalSection(SolutionConfigurationPlatforms) = preSolution
		Debug|Any CPU = Debug|Any CPU
		Release|Any CPU = Release|Any CPU
	EndGlobalSection
	GlobalSection(ProjectConfigurationPlatforms) = postSolution
		{8DDC6E15-4701-4C97-9B20-432A609CF5D7}.Debug|Any CPU.ActiveCfg = Debug|Any CPU
		{8DDC6E15-4701-4C97-9B20-432A609CF5D7}.Debug|Any CPU.Build.0 = Debug|Any CPU
		{8DDC6E15-4701-4C97-9B20-432A609CF5D7}.Debug|Any CPU.Deploy.0 = Debug|Any CPU
		{8DDC6E15-4701-4C97-9B20-432A609CF5D7}.Release|Any CPU.ActiveCfg = Release|Any CPU
		{8DDC6E15-4701-4C97-9B20-432A609CF5D7}.Release|Any CPU.Build.0 = Release|Any CPU
		{8DDC6E15-4701-4C97-9B20-432A609CF5D7}.Release|Any CPU.Deploy.0 = Release|Any CPU
		{912B8AAF-647E-4007-BCC4-EC0A3FF1C2B9}.Debug|Any CPU.ActiveCfg = Debug|Any CPU
		{912B8AAF-647E-4007-BCC4-EC0A3FF1C2B9}.Debug|Any CPU.Build.0 = Debug|Any CPU
		{912B8AAF-647E-4007-BCC4-EC0A3FF1C2B9}.Debug|Any CPU.Deploy.0 = Debug|Any CPU
		{912B8AAF-647E-4007-BCC4-EC0A3FF1C2B9}.Release|Any CPU.ActiveCfg = Release|Any CPU
		{912B8AAF-647E-4007-BCC4-EC0A3FF1C2B9}.Release|Any CPU.Build.0 = Release|Any CPU
		{912B8AAF-647E-4007-BCC4-EC0A3FF1C2B9}.Release|Any CPU.Deploy.0 = Release|Any CPU
		{B7E69B61-1651-4852-AA57-E3D727F91C44}.Debug|Any CPU.ActiveCfg = Debug|Any CPU
		{B7E69B61-1651-4852-AA57-E3D727F91C44}.Debug|Any CPU.Build.0 = Debug|Any CPU
		{B7E69B61-1651-4852-AA57-E3D727F91C44}.Release|Any CPU.ActiveCfg = Release|Any CPU
		{B7E69B61-1651-4852-AA57-E3D727F91C44}.Release|Any CPU.Build.0 = Release|Any CPU
	EndGlobalSection
	GlobalSection(SolutionProperties) = preSolution
		HideSolutionNode = FALSE
	EndGlobalSection
	GlobalSection(ExtensibilityGlobals) = postSolution
		SolutionGuid = {9AA15264-8400-4A9B-BA64-D53F4DB52002}
	EndGlobalSection
EndGlobal
